
Microsoft Visual Studio Solution File, Format Version 12.00
# Visual Studio Version 17
VisualStudioVersion = 17.8.34330.188
MinimumVisualStudioVersion = 10.0.40219.1
Project("{FAE04EC0-301F-11D3-BF4B-00C04F79EFBC}") = "SixDegrees", "SixDegrees\SixDegrees.csproj", "{6142E691-6A69-427A-8F76-F1FBD3E38FE5}"
EndProject
Project("{FAE04EC0-301F-11D3-BF4B-00C04F79EFBC}") = "SixDegrees.Business", "SixDegrees.Business\SixDegrees.Business.csproj", "{8676BDDD-4444-4B4A-8886-27CCDD8C84EC}"
EndProject
Project("{FAE04EC0-301F-11D3-BF4B-00C04F79EFBC}") = "SixDegrees.Dto", "SixDegrees.Dto\SixDegrees.Dto.csproj", "{841EB85A-1781-4C45-851B-D664FB751F3B}"
EndProject
Project("{FAE04EC0-301F-11D3-BF4B-00C04F79EFBC}") = "SixDegrees.Dal", "SixDegrees.Dal\SixDegrees.Dal.csproj", "{1D3894FF-F890-44C8-A268-E477970D98D5}"
EndProject
Global
	GlobalSection(SolutionConfigurationPlatforms) = preSolution
		Debug|Any CPU = Debug|Any CPU
		Release|Any CPU = Release|Any CPU
	EndGlobalSection
	GlobalSection(ProjectConfigurationPlatforms) = postSolution
		{6142E691-6A69-427A-8F76-F1FBD3E38FE5}.Debug|Any CPU.ActiveCfg = Debug|Any CPU
		{6142E691-6A69-427A-8F76-F1FBD3E38FE5}.Debug|Any CPU.Build.0 = Debug|Any CPU
		{6142E691-6A69-427A-8F76-F1FBD3E38FE5}.Release|Any CPU.ActiveCfg = Release|Any CPU
		{6142E691-6A69-427A-8F76-F1FBD3E38FE5}.Release|Any CPU.Build.0 = Release|Any CPU
		{8676BDDD-4444-4B4A-8886-27CCDD8C84EC}.Debug|Any CPU.ActiveCfg = Debug|Any CPU
		{8676BDDD-4444-4B4A-8886-27CCDD8C84EC}.Debug|Any CPU.Build.0 = Debug|Any CPU
		{8676BDDD-4444-4B4A-8886-27CCDD8C84EC}.Release|Any CPU.ActiveCfg = Release|Any CPU
		{8676BDDD-4444-4B4A-8886-27CCDD8C84EC}.Release|Any CPU.Build.0 = Release|Any CPU
		{841EB85A-1781-4C45-851B-D664FB751F3B}.Debug|Any CPU.ActiveCfg = Debug|Any CPU
		{841EB85A-1781-4C45-851B-D664FB751F3B}.Debug|Any CPU.Build.0 = Debug|Any CPU
		{841EB85A-1781-4C45-851B-D664FB751F3B}.Release|Any CPU.ActiveCfg = Release|Any CPU
		{841EB85A-1781-4C45-851B-D664FB751F3B}.Release|Any CPU.Build.0 = Release|Any CPU
		{1D3894FF-F890-44C8-A268-E477970D98D5}.Debug|Any CPU.ActiveCfg = Debug|Any CPU
		{1D3894FF-F890-44C8-A268-E477970D98D5}.Debug|Any CPU.Build.0 = Debug|Any CPU
		{1D3894FF-F890-44C8-A268-E477970D98D5}.Release|Any CPU.ActiveCfg = Release|Any CPU
		{1D3894FF-F890-44C8-A268-E477970D98D5}.Release|Any CPU.Build.0 = Release|Any CPU
	EndGlobalSection
	GlobalSection(SolutionProperties) = preSolution
		HideSolutionNode = FALSE
	EndGlobalSection
	GlobalSection(ExtensibilityGlobals) = postSolution
		SolutionGuid = {816B495C-B16E-4F92-A437-125C6CEAC961}
	EndGlobalSection
EndGlobal
